# THIS IS AN AUTOGENERATED FILE. DO NOT EDIT THIS FILE DIRECTLY.
# yarn lockfile v1


typo-js@^1.2.2:
  version "1.2.2"
  resolved "https://registry.yarnpkg.com/typo-js/-/typo-js-1.2.2.tgz#340484d81fe518e77c81a5a770162b14492f183b"
  integrity sha512-C7pYBQK17EjSg8tVNY91KHdUt5Nf6FMJ+c3js076quPmBML57PmNMzAcIq/2kf/hSYtFABNDIYNYlJRl5BJhGw==
